{
  "name": "node-api",
  "version": "1.0.0",
  "lockfileVersion": 1,
  "requires": true,
  "dependencies": {
    "@types/module-alias": {
      "version": "2.0.0",
      "resolved": "https://registry.npmjs.org/@types/module-alias/-/module-alias-2.0.0.tgz",
      "integrity": "sha512-e3sW4oEH0qS1QxSfX7PT6xIi5qk/YSMsrB9Lq8EtkhQBZB+bKyfkP+jpLJRySanvBhAQPSv2PEBe81M8Iy/7yg=="
    },
    "@types/node": {
      "version": "14.14.6",
      "dev": true
    },
    "module-alias": {
      "version": "2.2.2"
    },
    "typescript": {
      "version": "4.0.5",
      "dev": true
    }
  }
}
